
Microsoft Visual Studio Solution File, Format Version 12.00
# Visual Studio Version 16
VisualStudioVersion = 16.0.31911.196
MinimumVisualStudioVersion = 10.0.40219.1
Project("{9A19103F-16F7-4668-BE54-9A1E7A4F7556}") = "Ssh.Net.Instrumentation", "Ssh.Net.Instrumentation\Ssh.Net.Instrumentation.csproj", "{079AD30D-1E1B-4777-A64C-A9DEB5EDDC55}"
EndProject
Project("{FAE04EC0-301F-11D3-BF4B-00C04F79EFBC}") = "Ssh.Net.Instrumentation.UnitTests", "Ssh.Net.Instrumentation.UnitTests\Ssh.Net.Instrumentation.UnitTests.csproj", "{E18E88CB-FC58-4583-9633-BD5DB803A867}"
EndProject
Project("{FAE04EC0-301F-11D3-BF4B-00C04F79EFBC}") = "Ssh.Net.Instrumentation.IntegrationTests", "Ssh.Net.Instrumentation.IntegrationTests\Ssh.Net.Instrumentation.IntegrationTests.csproj", "{D8F136D7-E37F-46CF-9BBE-B2A187FD3E08}"
EndProject
Project("{FAE04EC0-301F-11D3-BF4B-00C04F79EFBC}") = "Ssh.Net.Instrumentation.ServerSideTestApp", "Ssh.Net.Instrumentation.ServerSideTestApp\Ssh.Net.Instrumentation.ServerSideTestApp.csproj", "{D2D3AA94-D544-4CCE-A7A8-712854FCC3D2}"
EndProject
Global
	GlobalSection(SolutionConfigurationPlatforms) = preSolution
		Debug|Any CPU = Debug|Any CPU
		Release|Any CPU = Release|Any CPU
	EndGlobalSection
	GlobalSection(ProjectConfigurationPlatforms) = postSolution
		{079AD30D-1E1B-4777-A64C-A9DEB5EDDC55}.Debug|Any CPU.ActiveCfg = Debug|Any CPU
		{079AD30D-1E1B-4777-A64C-A9DEB5EDDC55}.Debug|Any CPU.Build.0 = Debug|Any CPU
		{079AD30D-1E1B-4777-A64C-A9DEB5EDDC55}.Release|Any CPU.ActiveCfg = Release|Any CPU
		{079AD30D-1E1B-4777-A64C-A9DEB5EDDC55}.Release|Any CPU.Build.0 = Release|Any CPU
		{E18E88CB-FC58-4583-9633-BD5DB803A867}.Debug|Any CPU.ActiveCfg = Debug|Any CPU
		{E18E88CB-FC58-4583-9633-BD5DB803A867}.Debug|Any CPU.Build.0 = Debug|Any CPU
		{E18E88CB-FC58-4583-9633-BD5DB803A867}.Release|Any CPU.ActiveCfg = Release|Any CPU
		{E18E88CB-FC58-4583-9633-BD5DB803A867}.Release|Any CPU.Build.0 = Release|Any CPU
		{D8F136D7-E37F-46CF-9BBE-B2A187FD3E08}.Debug|Any CPU.ActiveCfg = Debug|Any CPU
		{D8F136D7-E37F-46CF-9BBE-B2A187FD3E08}.Debug|Any CPU.Build.0 = Debug|Any CPU
		{D8F136D7-E37F-46CF-9BBE-B2A187FD3E08}.Release|Any CPU.ActiveCfg = Release|Any CPU
		{D8F136D7-E37F-46CF-9BBE-B2A187FD3E08}.Release|Any CPU.Build.0 = Release|Any CPU
		{D2D3AA94-D544-4CCE-A7A8-712854FCC3D2}.Debug|Any CPU.ActiveCfg = Debug|Any CPU
		{D2D3AA94-D544-4CCE-A7A8-712854FCC3D2}.Debug|Any CPU.Build.0 = Debug|Any CPU
		{D2D3AA94-D544-4CCE-A7A8-712854FCC3D2}.Release|Any CPU.ActiveCfg = Release|Any CPU
		{D2D3AA94-D544-4CCE-A7A8-712854FCC3D2}.Release|Any CPU.Build.0 = Release|Any CPU
	EndGlobalSection
	GlobalSection(SolutionProperties) = preSolution
		HideSolutionNode = FALSE
	EndGlobalSection
	GlobalSection(ExtensibilityGlobals) = postSolution
		SolutionGuid = {9D7CB72F-A7FD-4252-8CAB-56F121DFCE73}
	EndGlobalSection
EndGlobal
